
Microsoft Visual Studio Solution File, Format Version 12.00
# Visual Studio 15
Project("{FAE04EC0-301F-11D3-BF4B-00C04F79EFBC}") = "Blackjack", "Blackjack.csproj", "{4D900C33-CBA3-4708-B4AB-B4AFCAE21656}"
EndProject
Global
	GlobalSection(SolutionConfigurationPlatforms) = preSolution
		Debug|Any CPU = Debug|Any CPU
		Release|Any CPU = Release|Any CPU
	EndGlobalSection
	GlobalSection(ProjectConfigurationPlatforms) = postSolution
		{4D900C33-CBA3-4708-B4AB-B4AFCAE21656}.Debug|Any CPU.ActiveCfg = Debug|Any CPU
		{4D900C33-CBA3-4708-B4AB-B4AFCAE21656}.Debug|Any CPU.Build.0 = Debug|Any CPU
		{4D900C33-CBA3-4708-B4AB-B4AFCAE21656}.Release|Any CPU.ActiveCfg = Release|Any CPU
		{4D900C33-CBA3-4708-B4AB-B4AFCAE21656}.Release|Any CPU.Build.0 = Release|Any CPU
	EndGlobalSection
EndGlobal
